
Microsoft Visual Studio Solution File, Format Version 12.00
# Visual Studio Version 16
VisualStudioVersion = 16.0.30320.27
MinimumVisualStudioVersion = 10.0.40219.1
Project("{FAE04EC0-301F-11D3-BF4B-00C04F79EFBC}") = "gb64-x7", "gb64-x7\gb64-x7.csproj", "{3D46FE3C-3916-4CED-893F-6D1C51A0D55F}"
EndProject
Global
	GlobalSection(SolutionConfigurationPlatforms) = preSolution
		Debug|Any CPU = Debug|Any CPU
		Release|Any CPU = Release|Any CPU
	EndGlobalSection
	GlobalSection(ProjectConfigurationPlatforms) = postSolution
		{3D46FE3C-3916-4CED-893F-6D1C51A0D55F}.Debug|Any CPU.ActiveCfg = Debug|Any CPU
		{3D46FE3C-3916-4CED-893F-6D1C51A0D55F}.Debug|Any CPU.Build.0 = Debug|Any CPU
		{3D46FE3C-3916-4CED-893F-6D1C51A0D55F}.Release|Any CPU.ActiveCfg = Release|Any CPU
		{3D46FE3C-3916-4CED-893F-6D1C51A0D55F}.Release|Any CPU.Build.0 = Release|Any CPU
	EndGlobalSection
	GlobalSection(SolutionProperties) = preSolution
		HideSolutionNode = FALSE
	EndGlobalSection
	GlobalSection(ExtensibilityGlobals) = postSolution
		SolutionGuid = {3350E291-BEE1-49AD-BF47-E023EA1FFFF1}
	EndGlobalSection
EndGlobal
